
Microsoft Visual Studio Solution File, Format Version 12.00
# Visual Studio Version 17
VisualStudioVersion = 17.14.36705.20 d17.14
MinimumVisualStudioVersion = 10.0.40219.1
Project("{FAE04EC0-301F-11D3-BF4B-00C04F79EFBC}") = "ProjAcesso", "ProjAcesso\ProjAcesso.csproj", "{4283A79E-BE0C-4923-847A-5B38BB5AEDA9}"
EndProject
Global
	GlobalSection(SolutionConfigurationPlatforms) = preSolution
		Debug|Any CPU = Debug|Any CPU
		Release|Any CPU = Release|Any CPU
	EndGlobalSection
	GlobalSection(ProjectConfigurationPlatforms) = postSolution
		{4283A79E-BE0C-4923-847A-5B38BB5AEDA9}.Debug|Any CPU.ActiveCfg = Debug|Any CPU
		{4283A79E-BE0C-4923-847A-5B38BB5AEDA9}.Debug|Any CPU.Build.0 = Debug|Any CPU
		{4283A79E-BE0C-4923-847A-5B38BB5AEDA9}.Release|Any CPU.ActiveCfg = Release|Any CPU
		{4283A79E-BE0C-4923-847A-5B38BB5AEDA9}.Release|Any CPU.Build.0 = Release|Any CPU
	EndGlobalSection
	GlobalSection(SolutionProperties) = preSolution
		HideSolutionNode = FALSE
	EndGlobalSection
	GlobalSection(ExtensibilityGlobals) = postSolution
		SolutionGuid = {F0179F14-BFFC-4FB6-A967-ADD2D6518180}
	EndGlobalSection
EndGlobal
